{
  "requires": true,
  "lockfileVersion": 1,
  "dependencies": {
    "@antv/adjust": {
      "version": "0.1.1",
      "resolved": "https://npm.corp.kuaishou.com/@antv%2fadjust/-/adjust-0.1.1.tgz",
      "integrity": "sha1-4mOrDhoZQaZIhC/Ahs9lp+O3Xpg=",
      "requires": {
        "@antv/util": "~1.3.1"
      }
    },
    "@antv/attr": {
      "version": "0.1.2",
      "resolved": "https://npm.corp.kuaishou.com/@antv%2fattr/-/attr-0.1.2.tgz",
      "integrity": "sha1-LusSL8qvhRoth0mrx8YFGdP3fjc=",
      "requires": {
        "@antv/util": "~1.3.1"
      }
    },
    "@antv/component": {
      "version": "0.3.3",
      "resolved": "https://npm.corp.kuaishou.com/@antv%2fcomponent/-/component-0.3.3.tgz",
      "integrity": "sha1-waf1R/5uCkh4g49aTuu4tZhlH84=",
      "requires": {
        "@antv/attr": "~0.1.2",
        "@antv/g": "~3.3.5",
        "@antv/util": "~1.3.1",
        "wolfy87-eventemitter": "~5.1.0"
      }
    },
    "@antv/coord": {
      "version": "0.1.0",
      "resolved": "https://npm.corp.kuaishou.com/@antv%2fcoord/-/coord-0.1.0.tgz",
      "integrity": "sha1-SKgK420HVS+WZX5/gJUifGPwwKk=",
      "requires": {
        "@antv/util": "~1.3.1"
      }
    },
    "@antv/g": {
      "version": "3.3.6",
      "resolved": "https://npm.corp.kuaishou.com/@antv%2fg/-/g-3.3.6.tgz",
      "integrity": "sha1-Ef7Z3cntTloqokS3yKu5gqAD8gE=",
      "requires": {
        "@antv/gl-matrix": "~2.7.1",
        "@antv/util": "~1.3.1",
        "d3-ease": "~1.0.3",
        "d3-interpolate": "~1.1.5",
        "d3-timer": "~1.0.6",
        "wolfy87-eventemitter": "~5.1.0"
      }
    },
    "@antv/g2": {
      "version": "3.5.3",
      "resolved": "https://npm.corp.kuaishou.com/@antv%2fg2/-/g2-3.5.3.tgz",
      "integrity": "sha1-hFFxmqyGBpC2ekCdX7ewaALErKY=",
      "requires": {
        "@antv/adjust": "~0.1.0",
        "@antv/attr": "~0.1.2",
        "@antv/component": "~0.3.2",
        "@antv/coord": "~0.1.0",
        "@antv/g": "~3.3.6",
        "@antv/scale": "~0.1.1",
        "@antv/util": "~1.3.1",
        "venn.js": "~0.2.20",
        "wolfy87-eventemitter": "~5.1.0"
      }
    },
    "@antv/g2-brush": {
      "version": "0.0.2",
      "resolved": "https://npm.corp.kuaishou.com/@antv%2fg2-brush/-/g2-brush-0.0.2.tgz",
      "integrity": "sha1-C2Xz67+CaQICkT0LZ1mrKQD6qEE="
    },
    "@antv/g2-plugin-slider": {
      "version": "2.1.1",
      "resolved": "https://npm.corp.kuaishou.com/@antv%2fg2-plugin-slider/-/g2-plugin-slider-2.1.1.tgz",
      "integrity": "sha1-wgxfHPCFvqR4+KsfyEg35FxGoGU="
    },
    "@antv/gl-matrix": {
      "version": "2.7.1",
      "resolved": "https://npm.corp.kuaishou.com/@antv%2fgl-matrix/-/gl-matrix-2.7.1.tgz",
      "integrity": "sha1-rLjjf3qz3wE0WrpDcteUK+QuuhQ="
    },
    "@antv/scale": {
      "version": "0.1.2",
      "resolved": "https://npm.corp.kuaishou.com/@antv%2fscale/-/scale-0.1.2.tgz",
      "integrity": "sha1-vZyzMDPYlEtSw+DkrM/WBUHDwUc=",
      "requires": {
        "@antv/util": "~1.3.1",
        "fecha": "~2.3.3"
      }
    },
    "@antv/util": {
      "version": "1.3.1",
      "resolved": "https://npm.corp.kuaishou.com/@antv%2futil/-/util-1.3.1.tgz",
      "integrity": "sha1-MKNLIB/5Em7A1YxyyBZqnD5kTM0=",
      "requires": {
        "@antv/gl-matrix": "^2.7.1"
      }
    },
    "@types/d3-format": {
      "version": "1.3.1",
      "resolved": "https://npm.corp.kuaishou.com/@types%2fd3-format/-/d3-format-1.3.1.tgz",
      "integrity": "sha1-Nb+IJkvWvNo5JRFlu4J/Z4ecQ4Q="
    },
    "@types/lodash": {
      "version": "4.14.136",
      "resolved": "https://npm.corp.kuaishou.com/@types%2flodash/-/lodash-4.14.136.tgz",
      "integrity": "sha1-QT6FCJBGuGXZYMn/HUAOBMMatg8="
    },
    "@types/node": {
      "version": "12.6.9",
      "resolved": "https://npm.corp.kuaishou.com/@types%2fnode/-/node-12.6.9.tgz",
      "integrity": "sha1-/+7iOv3BmrFul5M457U2/eu7rq8="
    },
    "align-text": {
      "version": "0.1.4",
      "resolved": "https://npm.corp.kuaishou.com/align-text/-/align-text-0.1.4.tgz",
      "integrity": "sha1-DNkKVhCT810KmSVsIrcGlDP60Rc=",
      "requires": {
        "kind-of": "^3.0.2",
        "longest": "^1.0.1",
        "repeat-string": "^1.5.2"
      }
    },
    "amdefine": {
      "version": "1.0.1",
      "resolved": "https://npm.corp.kuaishou.com/amdefine/-/amdefine-1.0.1.tgz",
      "integrity": "sha1-SlKCrBZHKek2Gbz9OtFR+BfOkfU="
    },
    "ansi-regex": {
      "version": "2.1.1",
      "resolved": "https://npm.corp.kuaishou.com/ansi-regex/-/ansi-regex-2.1.1.tgz",
      "integrity": "sha1-w7M6te42DYbg5ijwRorn7yfWVN8="
    },
    "ansi-styles": {
      "version": "2.2.1",
      "resolved": "https://npm.corp.kuaishou.com/ansi-styles/-/ansi-styles-2.2.1.tgz",
      "integrity": "sha1-tDLdM1i2NM914eRmQ2gkBTPB3b4="
    },
    "balanced-match": {
      "version": "1.0.0",
      "resolved": "https://npm.corp.kuaishou.com/balanced-match/-/balanced-match-1.0.0.tgz",
      "integrity": "sha1-ibTRmasr7kneFk6gK4nORi1xt2c="
    },
    "brace-expansion": {
      "version": "1.1.11",
      "resolved": "https://npm.corp.kuaishou.com/brace-expansion/-/brace-expansion-1.1.11.tgz",
      "integrity": "sha1-PH/L9SnYcibz0vUrlm/1Jx60Qd0=",
      "requires": {
        "balanced-match": "^1.0.0",
        "concat-map": "0.0.1"
      }
    },
    "camelcase": {
      "version": "1.2.1",
      "resolved": "https://npm.corp.kuaishou.com/camelcase/-/camelcase-1.2.1.tgz",
      "integrity": "sha1-m7UwTS4LVmmLLHWLCKPqqdqlijk="
    },
    "center-align": {
      "version": "0.1.3",
      "resolved": "https://npm.corp.kuaishou.com/center-align/-/center-align-0.1.3.tgz",
      "integrity": "sha1-qg0yYptu6XIgBBHL1EYckHvCt60=",
      "requires": {
        "align-text": "^0.1.3",
        "lazy-cache": "^1.0.3"
      }
    },
    "chalk": {
      "version": "1.1.3",
      "resolved": "https://npm.corp.kuaishou.com/chalk/-/chalk-1.1.3.tgz",
      "integrity": "sha1-qBFcVeSnAv5NFQq9OHKCKn4J/Jg=",
      "requires": {
        "ansi-styles": "^2.2.1",
        "escape-string-regexp": "^1.0.2",
        "has-ansi": "^2.0.0",
        "strip-ansi": "^3.0.0",
        "supports-color": "^2.0.0"
      }
    },
    "cliui": {
      "version": "2.1.0",
      "resolved": "https://npm.corp.kuaishou.com/cliui/-/cliui-2.1.0.tgz",
      "integrity": "sha1-S0dXYP+AJkx2LDoXGQMukcf+oNE=",
      "requires": {
        "center-align": "^0.1.1",
        "right-align": "^0.1.1",
        "wordwrap": "0.0.2"
      }
    },
    "concat-map": {
      "version": "0.0.1",
      "resolved": "https://npm.corp.kuaishou.com/concat-map/-/concat-map-0.0.1.tgz",
      "integrity": "sha1-2Klr13/Wjfd5OnMDajug1UBdR3s="
    },
    "contour_plot": {
      "version": "0.0.1",
      "resolved": "https://npm.corp.kuaishou.com/contour_plot/-/contour_plot-0.0.1.tgz",
      "integrity": "sha1-R1hw8DK44zhBKqX8UHiA8L9JXHc="
    },
    "d3-color": {
      "version": "1.3.0",
      "resolved": "https://npm.corp.kuaishou.com/d3-color/-/d3-color-1.3.0.tgz",
      "integrity": "sha1-Z1gYNZB0IVsCDcHUHVGBNtyxj6k="
    },
    "d3-dispatch": {
      "version": "1.0.5",
      "resolved": "https://npm.corp.kuaishou.com/d3-dispatch/-/d3-dispatch-1.0.5.tgz",
      "integrity": "sha1-4lwQoYZRfNbILdGeoBjwfgHjkBU="
    },
    "d3-ease": {
      "version": "1.0.5",
      "resolved": "https://npm.corp.kuaishou.com/d3-ease/-/d3-ease-1.0.5.tgz",
      "integrity": "sha1-jOWSdtgSQbG3IELWry1A522Tb/s="
    },
    "d3-format": {
      "version": "1.3.2",
      "resolved": "https://npm.corp.kuaishou.com/d3-format/-/d3-format-1.3.2.tgz",
      "integrity": "sha1-apa14xvLmBIqMIY/fZI2XABgNWI="
    },
    "d3-interpolate": {
      "version": "1.1.6",
      "resolved": "https://npm.corp.kuaishou.com/d3-interpolate/-/d3-interpolate-1.1.6.tgz",
      "integrity": "sha1-LPOVriOBgE3wiqG/dmt/l7X2j7Y=",
      "requires": {
        "d3-color": "1"
      }
    },
    "d3-selection": {
      "version": "1.4.0",
      "resolved": "https://npm.corp.kuaishou.com/d3-selection/-/d3-selection-1.4.0.tgz",
      "integrity": "sha1-q5rB5mTPln6/G0ecwH4ozpkIxHQ="
    },
    "d3-timer": {
      "version": "1.0.9",
      "resolved": "https://npm.corp.kuaishou.com/d3-timer/-/d3-timer-1.0.9.tgz",
      "integrity": "sha1-97uMDVl9eS/3Ex4cJKNt1HGkcbo="
    },
    "d3-transition": {
      "version": "1.2.0",
      "resolved": "https://npm.corp.kuaishou.com/d3-transition/-/d3-transition-1.2.0.tgz",
      "integrity": "sha1-9TjA4hsqofBfPpZfhWfoEoSzsrg=",
      "requires": {
        "d3-color": "1",
        "d3-dispatch": "1",
        "d3-ease": "1",
        "d3-interpolate": "1",
        "d3-selection": "^1.1.0",
        "d3-timer": "1"
      }
    },
    "decamelize": {
      "version": "1.2.0",
      "resolved": "https://npm.corp.kuaishou.com/decamelize/-/decamelize-1.2.0.tgz",
      "integrity": "sha1-9lNNFRSCabIDUue+4m9QH5oZEpA="
    },
    "deep-equal": {
      "version": "1.0.1",
      "resolved": "https://npm.corp.kuaishou.com/deep-equal/-/deep-equal-1.0.1.tgz",
      "integrity": "sha1-9dJgKStmDghO/0zbyfCK0yR0SLU="
    },
    "define-properties": {
      "version": "1.1.3",
      "resolved": "https://npm.corp.kuaishou.com/define-properties/-/define-properties-1.1.3.tgz",
      "integrity": "sha1-z4jabL7ib+bbcJT2HYcMvYTO6fE=",
      "requires": {
        "object-keys": "^1.0.12"
      }
    },
    "defined": {
      "version": "1.0.0",
      "resolved": "https://npm.corp.kuaishou.com/defined/-/defined-1.0.0.tgz",
      "integrity": "sha1-yY2bzvdWdBiOEQlpFRGZ45sfppM="
    },
    "es-abstract": {
      "version": "1.13.0",
      "resolved": "https://npm.corp.kuaishou.com/es-abstract/-/es-abstract-1.13.0.tgz",
      "integrity": "sha1-rIYUX91QmdjdSVWMy6Lq+biOJOk=",
      "requires": {
        "es-to-primitive": "^1.2.0",
        "function-bind": "^1.1.1",
        "has": "^1.0.3",
        "is-callable": "^1.1.4",
        "is-regex": "^1.0.4",
        "object-keys": "^1.0.12"
      }
    },
    "es-to-primitive": {
      "version": "1.2.0",
      "resolved": "https://npm.corp.kuaishou.com/es-to-primitive/-/es-to-primitive-1.2.0.tgz",
      "integrity": "sha1-7fckeAM0VujdqO8J4ArZZQcH83c=",
      "requires": {
        "is-callable": "^1.1.4",
        "is-date-object": "^1.0.1",
        "is-symbol": "^1.0.2"
      }
    },
    "escape-string-regexp": {
      "version": "1.0.5",
      "resolved": "https://npm.corp.kuaishou.com/escape-string-regexp/-/escape-string-regexp-1.0.5.tgz",
      "integrity": "sha1-G2HAViGQqN/2rjuyzwIAyhMLhtQ="
    },
    "fecha": {
      "version": "2.3.3",
      "resolved": "https://npm.corp.kuaishou.com/fecha/-/fecha-2.3.3.tgz",
      "integrity": "sha1-lI50FX3xoy/RsSw6PDzctuydls0="
    },
    "fmin": {
      "version": "0.0.2",
      "resolved": "https://npm.corp.kuaishou.com/fmin/-/fmin-0.0.2.tgz",
      "integrity": "sha1-Wbu0DUP/3ByUzQClaMQflfGXMBc=",
      "requires": {
        "contour_plot": "^0.0.1",
        "json2module": "^0.0.3",
        "rollup": "^0.25.8",
        "tape": "^4.5.1",
        "uglify-js": "^2.6.2"
      }
    },
    "for-each": {
      "version": "0.3.3",
      "resolved": "https://npm.corp.kuaishou.com/for-each/-/for-each-0.3.3.tgz",
      "integrity": "sha1-abRH6IoKXTLD5whPPxcQA0shN24=",
      "requires": {
        "is-callable": "^1.1.3"
      }
    },
    "fs.realpath": {
      "version": "1.0.0",
      "resolved": "https://npm.corp.kuaishou.com/fs.realpath/-/fs.realpath-1.0.0.tgz",
      "integrity": "sha1-FQStJSMVjKpA20onh8sBQRmU6k8="
    },
    "function-bind": {
      "version": "1.1.1",
      "resolved": "https://npm.corp.kuaishou.com/function-bind/-/function-bind-1.1.1.tgz",
      "integrity": "sha1-pWiZ0+o8m6uHS7l3O3xe3pL0iV0="
    },
    "glob": {
      "version": "7.1.4",
      "resolved": "https://npm.corp.kuaishou.com/glob/-/glob-7.1.4.tgz",
      "integrity": "sha1-qmCKL2xXetNX4a5aXCbZqNGWklU=",
      "requires": {
        "fs.realpath": "^1.0.0",
        "inflight": "^1.0.4",
        "inherits": "2",
        "minimatch": "^3.0.4",
        "once": "^1.3.0",
        "path-is-absolute": "^1.0.0"
      }
    },
    "has": {
      "version": "1.0.3",
      "resolved": "https://npm.corp.kuaishou.com/has/-/has-1.0.3.tgz",
      "integrity": "sha1-ci18v8H2qoJB8W3YFOAR4fQeh5Y=",
      "requires": {
        "function-bind": "^1.1.1"
      }
    },
    "has-ansi": {
      "version": "2.0.0",
      "resolved": "https://npm.corp.kuaishou.com/has-ansi/-/has-ansi-2.0.0.tgz",
      "integrity": "sha1-NPUEnOHs3ysGSa8+8k5F7TVBbZE=",
      "requires": {
        "ansi-regex": "^2.0.0"
      }
    },
    "has-symbols": {
      "version": "1.0.0",
      "resolved": "https://npm.corp.kuaishou.com/has-symbols/-/has-symbols-1.0.0.tgz",
      "integrity": "sha1-uhqPGvKg/DllD1yFA2dwQSIGO0Q="
    },
    "inflight": {
      "version": "1.0.6",
      "resolved": "https://npm.corp.kuaishou.com/inflight/-/inflight-1.0.6.tgz",
      "integrity": "sha1-Sb1jMdfQLQwJvJEKEHW6gWW1bfk=",
      "requires": {
        "once": "^1.3.0",
        "wrappy": "1"
      }
    },
    "inherits": {
      "version": "2.0.4",
      "resolved": "https://npm.corp.kuaishou.com/inherits/-/inherits-2.0.4.tgz",
      "integrity": "sha1-D6LGT5MpF8NDOg3tVTY6rjdBa3w="
    },
    "is-buffer": {
      "version": "1.1.6",
      "resolved": "https://npm.corp.kuaishou.com/is-buffer/-/is-buffer-1.1.6.tgz",
      "integrity": "sha1-76ouqdqg16suoTqXsritUf776L4="
    },
    "is-callable": {
      "version": "1.1.4",
      "resolved": "https://npm.corp.kuaishou.com/is-callable/-/is-callable-1.1.4.tgz",
      "integrity": "sha1-HhrfIZ4e62hNaR+dagX/DTCiTXU="
    },
    "is-date-object": {
      "version": "1.0.1",
      "resolved": "https://npm.corp.kuaishou.com/is-date-object/-/is-date-object-1.0.1.tgz",
      "integrity": "sha1-mqIOtq7rv/d/vTPnTKAbM1gdOhY="
    },
    "is-regex": {
      "version": "1.0.4",
      "resolved": "https://npm.corp.kuaishou.com/is-regex/-/is-regex-1.0.4.tgz",
      "integrity": "sha1-VRdIm1RwkbCTDglWVM7SXul+lJE=",
      "requires": {
        "has": "^1.0.1"
      }
    },
    "is-symbol": {
      "version": "1.0.2",
      "resolved": "https://npm.corp.kuaishou.com/is-symbol/-/is-symbol-1.0.2.tgz",
      "integrity": "sha1-oFX2rlcZLK7jKeeoYBGLSXqVDzg=",
      "requires": {
        "has-symbols": "^1.0.0"
      }
    },
    "json2module": {
      "version": "0.0.3",
      "resolved": "https://npm.corp.kuaishou.com/json2module/-/json2module-0.0.3.tgz",
      "integrity": "sha1-APtfSpt638PwZHwpyxe80Zeb6bI=",
      "requires": {
        "rw": "^1.3.2"
      }
    },
    "kind-of": {
      "version": "3.2.2",
      "resolved": "https://npm.corp.kuaishou.com/kind-of/-/kind-of-3.2.2.tgz",
      "integrity": "sha1-MeohpzS6ubuw8yRm2JOupR5KPGQ=",
      "requires": {
        "is-buffer": "^1.1.5"
      }
    },
    "lazy-cache": {
      "version": "1.0.4",
      "resolved": "https://npm.corp.kuaishou.com/lazy-cache/-/lazy-cache-1.0.4.tgz",
      "integrity": "sha1-odePw6UEdMuAhF07O24dpJpEbo4="
    },
    "lodash": {
      "version": "4.17.15",
      "resolved": "https://npm.corp.kuaishou.com/lodash/-/lodash-4.17.15.tgz",
      "integrity": "sha1-tEf2ZwoEVbv+7dETku/zMOoJdUg="
    },
    "longest": {
      "version": "1.0.1",
      "resolved": "https://npm.corp.kuaishou.com/longest/-/longest-1.0.1.tgz",
      "integrity": "sha1-MKCy2jj3N3DoKUoNIuZiXtd9AJc="
    },
    "minimatch": {
      "version": "3.0.4",
      "resolved": "https://npm.corp.kuaishou.com/minimatch/-/minimatch-3.0.4.tgz",
      "integrity": "sha1-UWbihkV/AzBgZL5Ul+jbsMPTIIM=",
      "requires": {
        "brace-expansion": "^1.1.7"
      }
    },
    "minimist": {
      "version": "1.2.0",
      "resolved": "https://npm.corp.kuaishou.com/minimist/-/minimist-1.2.0.tgz",
      "integrity": "sha1-o1AIsg9BOD7sH7kU9M1d95omQoQ="
    },
    "object-inspect": {
      "version": "1.6.0",
      "resolved": "https://npm.corp.kuaishou.com/object-inspect/-/object-inspect-1.6.0.tgz",
      "integrity": "sha1-xwtsv3LydKq0w0wMgvUWe/gs8Vs="
    },
    "object-keys": {
      "version": "1.1.1",
      "resolved": "https://npm.corp.kuaishou.com/object-keys/-/object-keys-1.1.1.tgz",
      "integrity": "sha1-HEfyct8nfzsdrwYWd9nILiMixg4="
    },
    "once": {
      "version": "1.4.0",
      "resolved": "https://npm.corp.kuaishou.com/once/-/once-1.4.0.tgz",
      "integrity": "sha1-WDsap3WWHUsROsF9nFC6753Xa9E=",
      "requires": {
        "wrappy": "1"
      }
    },
    "path-is-absolute": {
      "version": "1.0.1",
      "resolved": "https://npm.corp.kuaishou.com/path-is-absolute/-/path-is-absolute-1.0.1.tgz",
      "integrity": "sha1-F0uSaHNVNP+8es5r9TpanhtcX18="
    },
    "path-parse": {
      "version": "1.0.6",
      "resolved": "https://npm.corp.kuaishou.com/path-parse/-/path-parse-1.0.6.tgz",
      "integrity": "sha1-1i27VnlAXXLEc37FhgDp3c8G0kw="
    },
    "repeat-string": {
      "version": "1.6.1",
      "resolved": "https://npm.corp.kuaishou.com/repeat-string/-/repeat-string-1.6.1.tgz",
      "integrity": "sha1-jcrkcOHIirwtYA//Sndihtp15jc="
    },
    "resolve": {
      "version": "1.11.1",
      "resolved": "https://npm.corp.kuaishou.com/resolve/-/resolve-1.11.1.tgz",
      "integrity": "sha1-6hDYEQN2mC/vV434/DC5rDCgej4=",
      "requires": {
        "path-parse": "^1.0.6"
      }
    },
    "resumer": {
      "version": "0.0.0",
      "resolved": "https://npm.corp.kuaishou.com/resumer/-/resumer-0.0.0.tgz",
      "integrity": "sha1-8ej0YeQGS6Oegq883CqMiT0HZ1k=",
      "requires": {
        "through": "~2.3.4"
      }
    },
    "right-align": {
      "version": "0.1.3",
      "resolved": "https://npm.corp.kuaishou.com/right-align/-/right-align-0.1.3.tgz",
      "integrity": "sha1-YTObci/mo1FWiSENJOFMlhSGE+8=",
      "requires": {
        "align-text": "^0.1.1"
      }
    },
    "rollup": {
      "version": "0.25.8",
      "resolved": "https://npm.corp.kuaishou.com/rollup/-/rollup-0.25.8.tgz",
      "integrity": "sha1-v2zoO4dRDRY0Ru6qV37WpvxYNeA=",
      "requires": {
        "chalk": "^1.1.1",
        "minimist": "^1.2.0",
        "source-map-support": "^0.3.2"
      }
    },
    "rw": {
      "version": "1.3.3",
      "resolved": "https://npm.corp.kuaishou.com/rw/-/rw-1.3.3.tgz",
      "integrity": "sha1-P4Yt+pGrdmsUiF700BEkv9oHT7Q="
    },
    "source-map": {
      "version": "0.1.32",
      "resolved": "https://npm.corp.kuaishou.com/source-map/-/source-map-0.1.32.tgz",
      "integrity": "sha1-yLbBZ3l7pHQKjqMyUhYv8IWRsmY=",
      "requires": {
        "amdefine": ">=0.0.4"
      }
    },
    "source-map-support": {
      "version": "0.3.3",
      "resolved": "https://npm.corp.kuaishou.com/source-map-support/-/source-map-support-0.3.3.tgz",
      "integrity": "sha1-NJAJd9W6PwfHdX7nLnO7GptTdU8=",
      "requires": {
        "source-map": "0.1.32"
      }
    },
    "string.prototype.trim": {
      "version": "1.1.2",
      "resolved": "https://npm.corp.kuaishou.com/string.prototype.trim/-/string.prototype.trim-1.1.2.tgz",
      "integrity": "sha1-0E3iyJ4Tf019IG8Ia17S+ua+jOo=",
      "requires": {
        "define-properties": "^1.1.2",
        "es-abstract": "^1.5.0",
        "function-bind": "^1.0.2"
      }
    },
    "strip-ansi": {
      "version": "3.0.1",
      "resolved": "https://npm.corp.kuaishou.com/strip-ansi/-/strip-ansi-3.0.1.tgz",
      "integrity": "sha1-ajhfuIU9lS1f8F0Oiq+UJ43GPc8=",
      "requires": {
        "ansi-regex": "^2.0.0"
      }
    },
    "supports-color": {
      "version": "2.0.0",
      "resolved": "https://npm.corp.kuaishou.com/supports-color/-/supports-color-2.0.0.tgz",
      "integrity": "sha1-U10EXOa2Nj+kARcIRimZXp3zJMc="
    },
    "tape": {
      "version": "4.11.0",
      "resolved": "https://npm.corp.kuaishou.com/tape/-/tape-4.11.0.tgz",
      "integrity": "sha1-Y9QazNleRaI6h0RzBRxX/bxY7cE=",
      "requires": {
        "deep-equal": "~1.0.1",
        "defined": "~1.0.0",
        "for-each": "~0.3.3",
        "function-bind": "~1.1.1",
        "glob": "~7.1.4",
        "has": "~1.0.3",
        "inherits": "~2.0.4",
        "minimist": "~1.2.0",
        "object-inspect": "~1.6.0",
        "resolve": "~1.11.1",
        "resumer": "~0.0.0",
        "string.prototype.trim": "~1.1.2",
        "through": "~2.3.8"
      }
    },
    "through": {
      "version": "2.3.8",
      "resolved": "https://npm.corp.kuaishou.com/through/-/through-2.3.8.tgz",
      "integrity": "sha1-DdTJ/6q8NXlgsbckEV1+Doai4fU="
    },
    "uglify-js": {
      "version": "2.8.29",
      "resolved": "https://npm.corp.kuaishou.com/uglify-js/-/uglify-js-2.8.29.tgz",
      "integrity": "sha1-KcVzMUgFe7Th913zW3qcty5qWd0=",
      "requires": {
        "source-map": "~0.5.1",
        "uglify-to-browserify": "~1.0.0",
        "yargs": "~3.10.0"
      },
      "dependencies": {
        "source-map": {
          "version": "0.5.7",
          "resolved": "https://npm.corp.kuaishou.com/source-map/-/source-map-0.5.7.tgz",
          "integrity": "sha1-igOdLRAh0i0eoUyA2OpGi6LvP8w="
        }
      }
    },
    "uglify-to-browserify": {
      "version": "1.0.2",
      "resolved": "https://npm.corp.kuaishou.com/uglify-to-browserify/-/uglify-to-browserify-1.0.2.tgz",
      "integrity": "sha1-bgkk1r2mta/jSeOabWMoUKD4grc=",
      "optional": true
    },
    "venn.js": {
      "version": "0.2.20",
      "resolved": "https://npm.corp.kuaishou.com/venn.js/-/venn.js-0.2.20.tgz",
      "integrity": "sha1-Pw5QzHXLofWGkqijL2e9eq8apvo=",
      "requires": {
        "d3-selection": "^1.0.2",
        "d3-transition": "^1.0.1",
        "fmin": "0.0.2"
      }
    },
    "viser": {
      "version": "2.4.6",
      "resolved": "https://npm.corp.kuaishou.com/viser/-/viser-2.4.6.tgz",
      "integrity": "sha1-0Y7hjOoynUvD2wDwvNc2j0GZEuA=",
      "requires": {
        "@antv/g2": "3.5.3",
        "@antv/g2-brush": "^0.0.2",
        "@antv/g2-plugin-slider": "^2.1.0",
        "@types/d3-format": "*",
        "@types/lodash": "*",
        "@types/node": "^8.0.53",
        "d3-format": "^1.3.0",
        "lodash": "^4.17.4"
      },
      "dependencies": {
        "@types/node": {
          "version": "8.10.51",
          "resolved": "https://npm.corp.kuaishou.com/@types%2fnode/-/node-8.10.51.tgz",
          "integrity": "sha1-gGAIV8Ckeo6Lr8La5trtbbWONic="
        }
      }
    },
    "viser-vue": {
      "version": "2.4.6",
      "resolved": "https://npm.corp.kuaishou.com/viser-vue/-/viser-vue-2.4.6.tgz",
      "integrity": "sha1-TuJzExPz18K4CR+2ruvp22G4TEo=",
      "requires": {
        "@types/node": "*",
        "viser": "^2.0.0",
        "vue": "^2.5.3"
      }
    },
    "vue": {
      "version": "2.6.10",
      "resolved": "https://npm.corp.kuaishou.com/vue/-/vue-2.6.10.tgz",
      "integrity": "sha1-pysaQqTYKnIepDjRtr9V5mGVxjc="
    },
    "window-size": {
      "version": "0.1.0",
      "resolved": "https://npm.corp.kuaishou.com/window-size/-/window-size-0.1.0.tgz",
      "integrity": "sha1-VDjNLqk7IC76Ohn+iIeu58lPnJ0="
    },
    "wolfy87-eventemitter": {
      "version": "5.1.0",
      "resolved": "https://npm.corp.kuaishou.com/wolfy87-eventemitter/-/wolfy87-eventemitter-5.1.0.tgz",
      "integrity": "sha1-NcGsDdGsDBXjXZgVCPwiCEoToBE="
    },
    "wordwrap": {
      "version": "0.0.2",
      "resolved": "https://npm.corp.kuaishou.com/wordwrap/-/wordwrap-0.0.2.tgz",
      "integrity": "sha1-t5Zpu0LstAn4PVg8rVLKF+qhZD8="
    },
    "wrappy": {
      "version": "1.0.2",
      "resolved": "https://npm.corp.kuaishou.com/wrappy/-/wrappy-1.0.2.tgz",
      "integrity": "sha1-tSQ9jz7BqjXxNkYFvA0QNuMKtp8="
    },
    "yargs": {
      "version": "3.10.0",
      "resolved": "https://npm.corp.kuaishou.com/yargs/-/yargs-3.10.0.tgz",
      "integrity": "sha1-9+572FfdfB0tOMDnTvvWgdFDH9E=",
      "requires": {
        "camelcase": "^1.0.2",
        "cliui": "^2.1.0",
        "decamelize": "^1.0.0",
        "window-size": "0.1.0"
      }
    }
  }
}
